
Microsoft Visual Studio Solution File, Format Version 12.00
# Visual Studio Version 16
VisualStudioVersion = 16.0.29911.84
MinimumVisualStudioVersion = 10.0.40219.1
Project("{FAE04EC0-301F-11D3-BF4B-00C04F79EFBC}") = "Lab01_Bai03", "Lab01_Bai03.csproj", "{5DC42AEF-A3A5-408C-A8E1-BE815E6EF228}"
EndProject
Global
	GlobalSection(SolutionConfigurationPlatforms) = preSolution
		Debug|Any CPU = Debug|Any CPU
		Release|Any CPU = Release|Any CPU
	EndGlobalSection
	GlobalSection(ProjectConfigurationPlatforms) = postSolution
		{5DC42AEF-A3A5-408C-A8E1-BE815E6EF228}.Debug|Any CPU.ActiveCfg = Debug|Any CPU
		{5DC42AEF-A3A5-408C-A8E1-BE815E6EF228}.Debug|Any CPU.Build.0 = Debug|Any CPU
		{5DC42AEF-A3A5-408C-A8E1-BE815E6EF228}.Release|Any CPU.ActiveCfg = Release|Any CPU
		{5DC42AEF-A3A5-408C-A8E1-BE815E6EF228}.Release|Any CPU.Build.0 = Release|Any CPU
	EndGlobalSection
	GlobalSection(SolutionProperties) = preSolution
		HideSolutionNode = FALSE
	EndGlobalSection
	GlobalSection(ExtensibilityGlobals) = postSolution
		SolutionGuid = {AFCE83CC-2E0C-4B21-8B02-AFE0497FEB9D}
	EndGlobalSection
EndGlobal
