
Microsoft Visual Studio Solution File, Format Version 12.00
# Visual Studio Version 16
VisualStudioVersion = 16.0.29911.84
MinimumVisualStudioVersion = 10.0.40219.1
Project("{FAE04EC0-301F-11D3-BF4B-00C04F79EFBC}") = "Cau03_Client_Winform", "Cau03_Client_Winform.csproj", "{AEC778D0-E0A2-45A5-A8CD-8464E69AB43E}"
EndProject
Global
	GlobalSection(SolutionConfigurationPlatforms) = preSolution
		Debug|Any CPU = Debug|Any CPU
		Release|Any CPU = Release|Any CPU
	EndGlobalSection
	GlobalSection(ProjectConfigurationPlatforms) = postSolution
		{AEC778D0-E0A2-45A5-A8CD-8464E69AB43E}.Debug|Any CPU.ActiveCfg = Debug|Any CPU
		{AEC778D0-E0A2-45A5-A8CD-8464E69AB43E}.Debug|Any CPU.Build.0 = Debug|Any CPU
		{AEC778D0-E0A2-45A5-A8CD-8464E69AB43E}.Release|Any CPU.ActiveCfg = Release|Any CPU
		{AEC778D0-E0A2-45A5-A8CD-8464E69AB43E}.Release|Any CPU.Build.0 = Release|Any CPU
	EndGlobalSection
	GlobalSection(SolutionProperties) = preSolution
		HideSolutionNode = FALSE
	EndGlobalSection
	GlobalSection(ExtensibilityGlobals) = postSolution
		SolutionGuid = {7C40B8BF-F2C1-474C-BE70-0F98ED36CA73}
	EndGlobalSection
EndGlobal
