
Microsoft Visual Studio Solution File, Format Version 12.00
# Visual Studio Version 16
VisualStudioVersion = 16.0.29911.84
MinimumVisualStudioVersion = 10.0.40219.1
Project("{FAE04EC0-301F-11D3-BF4B-00C04F79EFBC}") = "Lab01_Bai01", "Lab01_Bai01.csproj", "{D040D6BD-3F45-404F-B593-CFE891497941}"
EndProject
Global
	GlobalSection(SolutionConfigurationPlatforms) = preSolution
		Debug|Any CPU = Debug|Any CPU
		Release|Any CPU = Release|Any CPU
	EndGlobalSection
	GlobalSection(ProjectConfigurationPlatforms) = postSolution
		{D040D6BD-3F45-404F-B593-CFE891497941}.Debug|Any CPU.ActiveCfg = Debug|Any CPU
		{D040D6BD-3F45-404F-B593-CFE891497941}.Debug|Any CPU.Build.0 = Debug|Any CPU
		{D040D6BD-3F45-404F-B593-CFE891497941}.Release|Any CPU.ActiveCfg = Release|Any CPU
		{D040D6BD-3F45-404F-B593-CFE891497941}.Release|Any CPU.Build.0 = Release|Any CPU
	EndGlobalSection
	GlobalSection(SolutionProperties) = preSolution
		HideSolutionNode = FALSE
	EndGlobalSection
	GlobalSection(ExtensibilityGlobals) = postSolution
		SolutionGuid = {6DA613D8-1F12-46B2-852B-D07572AC4866}
	EndGlobalSection
EndGlobal
