
Microsoft Visual Studio Solution File, Format Version 12.00
# Visual Studio Version 16
VisualStudioVersion = 16.0.29911.84
MinimumVisualStudioVersion = 10.0.40219.1
Project("{FAE04EC0-301F-11D3-BF4B-00C04F79EFBC}") = "Server", "Server\Server.csproj", "{ECC3F3DD-B474-457E-A516-2D77ACB4823C}"
EndProject
Project("{FAE04EC0-301F-11D3-BF4B-00C04F79EFBC}") = "Client", "Client\Client.csproj", "{27C553D1-F30F-4F7F-ACB1-54F39120D7F3}"
EndProject
Global
	GlobalSection(SolutionConfigurationPlatforms) = preSolution
		Debug|Any CPU = Debug|Any CPU
		Release|Any CPU = Release|Any CPU
	EndGlobalSection
	GlobalSection(ProjectConfigurationPlatforms) = postSolution
		{ECC3F3DD-B474-457E-A516-2D77ACB4823C}.Debug|Any CPU.ActiveCfg = Debug|Any CPU
		{ECC3F3DD-B474-457E-A516-2D77ACB4823C}.Debug|Any CPU.Build.0 = Debug|Any CPU
		{ECC3F3DD-B474-457E-A516-2D77ACB4823C}.Release|Any CPU.ActiveCfg = Release|Any CPU
		{ECC3F3DD-B474-457E-A516-2D77ACB4823C}.Release|Any CPU.Build.0 = Release|Any CPU
		{27C553D1-F30F-4F7F-ACB1-54F39120D7F3}.Debug|Any CPU.ActiveCfg = Debug|Any CPU
		{27C553D1-F30F-4F7F-ACB1-54F39120D7F3}.Debug|Any CPU.Build.0 = Debug|Any CPU
		{27C553D1-F30F-4F7F-ACB1-54F39120D7F3}.Release|Any CPU.ActiveCfg = Release|Any CPU
		{27C553D1-F30F-4F7F-ACB1-54F39120D7F3}.Release|Any CPU.Build.0 = Release|Any CPU
	EndGlobalSection
	GlobalSection(SolutionProperties) = preSolution
		HideSolutionNode = FALSE
	EndGlobalSection
	GlobalSection(ExtensibilityGlobals) = postSolution
		SolutionGuid = {EB230DF1-9C75-4466-82C1-2B4B01D104CE}
	EndGlobalSection
EndGlobal
