
Microsoft Visual Studio Solution File, Format Version 12.00
# Visual Studio Version 16
VisualStudioVersion = 16.0.29911.84
MinimumVisualStudioVersion = 10.0.40219.1
Project("{FAE04EC0-301F-11D3-BF4B-00C04F79EFBC}") = "Cau5_Client", "Cau5_Client.csproj", "{E1DEBF7F-30CE-437B-9EF7-FA9C9634CBA4}"
EndProject
Global
	GlobalSection(SolutionConfigurationPlatforms) = preSolution
		Debug|Any CPU = Debug|Any CPU
		Release|Any CPU = Release|Any CPU
	EndGlobalSection
	GlobalSection(ProjectConfigurationPlatforms) = postSolution
		{E1DEBF7F-30CE-437B-9EF7-FA9C9634CBA4}.Debug|Any CPU.ActiveCfg = Debug|Any CPU
		{E1DEBF7F-30CE-437B-9EF7-FA9C9634CBA4}.Debug|Any CPU.Build.0 = Debug|Any CPU
		{E1DEBF7F-30CE-437B-9EF7-FA9C9634CBA4}.Release|Any CPU.ActiveCfg = Release|Any CPU
		{E1DEBF7F-30CE-437B-9EF7-FA9C9634CBA4}.Release|Any CPU.Build.0 = Release|Any CPU
	EndGlobalSection
	GlobalSection(SolutionProperties) = preSolution
		HideSolutionNode = FALSE
	EndGlobalSection
	GlobalSection(ExtensibilityGlobals) = postSolution
		SolutionGuid = {619CB463-373E-41A0-8140-2DBCBCBC087A}
	EndGlobalSection
EndGlobal
