
Microsoft Visual Studio Solution File, Format Version 12.00
# Visual Studio Version 16
VisualStudioVersion = 16.0.29911.84
MinimumVisualStudioVersion = 10.0.40219.1
Project("{9A19103F-16F7-4668-BE54-9A1E7A4F7556}") = "Cau5_Server", "Cau5_Server.csproj", "{19789A8B-76D0-4AE2-947B-48C5EBCA6E0D}"
EndProject
Global
	GlobalSection(SolutionConfigurationPlatforms) = preSolution
		Debug|Any CPU = Debug|Any CPU
		Release|Any CPU = Release|Any CPU
	EndGlobalSection
	GlobalSection(ProjectConfigurationPlatforms) = postSolution
		{19789A8B-76D0-4AE2-947B-48C5EBCA6E0D}.Debug|Any CPU.ActiveCfg = Debug|Any CPU
		{19789A8B-76D0-4AE2-947B-48C5EBCA6E0D}.Debug|Any CPU.Build.0 = Debug|Any CPU
		{19789A8B-76D0-4AE2-947B-48C5EBCA6E0D}.Release|Any CPU.ActiveCfg = Release|Any CPU
		{19789A8B-76D0-4AE2-947B-48C5EBCA6E0D}.Release|Any CPU.Build.0 = Release|Any CPU
	EndGlobalSection
	GlobalSection(SolutionProperties) = preSolution
		HideSolutionNode = FALSE
	EndGlobalSection
	GlobalSection(ExtensibilityGlobals) = postSolution
		SolutionGuid = {8674D6CF-F95C-485C-BDA2-58A25D81CB54}
	EndGlobalSection
EndGlobal
