
Microsoft Visual Studio Solution File, Format Version 12.00
# Visual Studio Version 16
VisualStudioVersion = 16.0.29911.84
MinimumVisualStudioVersion = 10.0.40219.1
Project("{FAE04EC0-301F-11D3-BF4B-00C04F79EFBC}") = "Lab01_Bai02", "Lab01_Bai02.csproj", "{E0813DEA-62C9-4AEC-8173-A10CC092403B}"
EndProject
Global
	GlobalSection(SolutionConfigurationPlatforms) = preSolution
		Debug|Any CPU = Debug|Any CPU
		Release|Any CPU = Release|Any CPU
	EndGlobalSection
	GlobalSection(ProjectConfigurationPlatforms) = postSolution
		{E0813DEA-62C9-4AEC-8173-A10CC092403B}.Debug|Any CPU.ActiveCfg = Debug|Any CPU
		{E0813DEA-62C9-4AEC-8173-A10CC092403B}.Debug|Any CPU.Build.0 = Debug|Any CPU
		{E0813DEA-62C9-4AEC-8173-A10CC092403B}.Release|Any CPU.ActiveCfg = Release|Any CPU
		{E0813DEA-62C9-4AEC-8173-A10CC092403B}.Release|Any CPU.Build.0 = Release|Any CPU
	EndGlobalSection
	GlobalSection(SolutionProperties) = preSolution
		HideSolutionNode = FALSE
	EndGlobalSection
	GlobalSection(ExtensibilityGlobals) = postSolution
		SolutionGuid = {0A6727E2-1114-4639-9C59-5DDC6F675E35}
	EndGlobalSection
EndGlobal
