
Microsoft Visual Studio Solution File, Format Version 12.00
# Visual Studio Version 16
VisualStudioVersion = 16.0.29911.84
MinimumVisualStudioVersion = 10.0.40219.1
Project("{9A19103F-16F7-4668-BE54-9A1E7A4F7556}") = "Cau5_Client", "Cau5_Client.csproj", "{53A38E04-0BF0-427B-B16F-00891FCB86C1}"
EndProject
Global
	GlobalSection(SolutionConfigurationPlatforms) = preSolution
		Debug|Any CPU = Debug|Any CPU
		Release|Any CPU = Release|Any CPU
	EndGlobalSection
	GlobalSection(ProjectConfigurationPlatforms) = postSolution
		{53A38E04-0BF0-427B-B16F-00891FCB86C1}.Debug|Any CPU.ActiveCfg = Debug|Any CPU
		{53A38E04-0BF0-427B-B16F-00891FCB86C1}.Debug|Any CPU.Build.0 = Debug|Any CPU
		{53A38E04-0BF0-427B-B16F-00891FCB86C1}.Release|Any CPU.ActiveCfg = Release|Any CPU
		{53A38E04-0BF0-427B-B16F-00891FCB86C1}.Release|Any CPU.Build.0 = Release|Any CPU
	EndGlobalSection
	GlobalSection(SolutionProperties) = preSolution
		HideSolutionNode = FALSE
	EndGlobalSection
	GlobalSection(ExtensibilityGlobals) = postSolution
		SolutionGuid = {E857672E-6419-42E7-8412-3689C699D997}
	EndGlobalSection
EndGlobal
