
Microsoft Visual Studio Solution File, Format Version 12.00
# Visual Studio Version 16
VisualStudioVersion = 16.0.29911.84
MinimumVisualStudioVersion = 10.0.40219.1
Project("{FAE04EC0-301F-11D3-BF4B-00C04F79EFBC}") = "Lab02.1_Cau1.1", "Lab02.1_Cau1.1.csproj", "{B755BC5C-016B-44CF-B238-E4E33AB80B42}"
EndProject
Global
	GlobalSection(SolutionConfigurationPlatforms) = preSolution
		Debug|Any CPU = Debug|Any CPU
		Release|Any CPU = Release|Any CPU
	EndGlobalSection
	GlobalSection(ProjectConfigurationPlatforms) = postSolution
		{B755BC5C-016B-44CF-B238-E4E33AB80B42}.Debug|Any CPU.ActiveCfg = Debug|Any CPU
		{B755BC5C-016B-44CF-B238-E4E33AB80B42}.Debug|Any CPU.Build.0 = Debug|Any CPU
		{B755BC5C-016B-44CF-B238-E4E33AB80B42}.Release|Any CPU.ActiveCfg = Release|Any CPU
		{B755BC5C-016B-44CF-B238-E4E33AB80B42}.Release|Any CPU.Build.0 = Release|Any CPU
	EndGlobalSection
	GlobalSection(SolutionProperties) = preSolution
		HideSolutionNode = FALSE
	EndGlobalSection
	GlobalSection(ExtensibilityGlobals) = postSolution
		SolutionGuid = {73101635-58C9-4631-9A4D-35A5A4AABFCF}
	EndGlobalSection
EndGlobal
