
Microsoft Visual Studio Solution File, Format Version 12.00
# Visual Studio Version 16
VisualStudioVersion = 16.0.31025.194
MinimumVisualStudioVersion = 10.0.40219.1
Project("{FAE04EC0-301F-11D3-BF4B-00C04F79EFBC}") = "Cau1_Client", "Cau1_Client.csproj", "{9DAC8DE3-6782-4AB7-B9EB-6731CE5E9E66}"
EndProject
Global
	GlobalSection(SolutionConfigurationPlatforms) = preSolution
		Debug|Any CPU = Debug|Any CPU
		Release|Any CPU = Release|Any CPU
	EndGlobalSection
	GlobalSection(ProjectConfigurationPlatforms) = postSolution
		{9DAC8DE3-6782-4AB7-B9EB-6731CE5E9E66}.Debug|Any CPU.ActiveCfg = Debug|Any CPU
		{9DAC8DE3-6782-4AB7-B9EB-6731CE5E9E66}.Debug|Any CPU.Build.0 = Debug|Any CPU
		{9DAC8DE3-6782-4AB7-B9EB-6731CE5E9E66}.Release|Any CPU.ActiveCfg = Release|Any CPU
		{9DAC8DE3-6782-4AB7-B9EB-6731CE5E9E66}.Release|Any CPU.Build.0 = Release|Any CPU
	EndGlobalSection
	GlobalSection(SolutionProperties) = preSolution
		HideSolutionNode = FALSE
	EndGlobalSection
	GlobalSection(ExtensibilityGlobals) = postSolution
		SolutionGuid = {D1B5C4FD-6CD7-4BCD-85E1-3569199B4A17}
	EndGlobalSection
EndGlobal
